
Microsoft Visual Studio Solution File, Format Version 12.00
# Visual Studio Version 17
VisualStudioVersion = 17.6.33829.357
MinimumVisualStudioVersion = 10.0.40219.1
Project("{9A19103F-16F7-4668-BE54-9A1E7A4F7556}") = "MagicVilla_WebApi", "MagicVilla_WebApi\MagicVilla_WebApi.csproj", "{2693CF37-D29F-43C4-9DA9-D9ECF2B11AEF}"
EndProject
Project("{FAE04EC0-301F-11D3-BF4B-00C04F79EFBC}") = "MagicVilla_Web", "MagicVilla_Web\MagicVilla_Web.csproj", "{055C0002-448B-4110-9F21-15168F45D9DA}"
EndProject
Project("{FAE04EC0-301F-11D3-BF4B-00C04F79EFBC}") = "MagicVilla_Utility", "MagicVilla_Utility\MagicVilla_Utility.csproj", "{337F9067-6B41-4FBE-908F-0F0A1B13FD8C}"
EndProject
Global
	GlobalSection(SolutionConfigurationPlatforms) = preSolution
		Debug|Any CPU = Debug|Any CPU
		Release|Any CPU = Release|Any CPU
	EndGlobalSection
	GlobalSection(ProjectConfigurationPlatforms) = postSolution
		{2693CF37-D29F-43C4-9DA9-D9ECF2B11AEF}.Debug|Any CPU.ActiveCfg = Debug|Any CPU
		{2693CF37-D29F-43C4-9DA9-D9ECF2B11AEF}.Debug|Any CPU.Build.0 = Debug|Any CPU
		{2693CF37-D29F-43C4-9DA9-D9ECF2B11AEF}.Release|Any CPU.ActiveCfg = Release|Any CPU
		{2693CF37-D29F-43C4-9DA9-D9ECF2B11AEF}.Release|Any CPU.Build.0 = Release|Any CPU
		{055C0002-448B-4110-9F21-15168F45D9DA}.Debug|Any CPU.ActiveCfg = Debug|Any CPU
		{055C0002-448B-4110-9F21-15168F45D9DA}.Debug|Any CPU.Build.0 = Debug|Any CPU
		{055C0002-448B-4110-9F21-15168F45D9DA}.Release|Any CPU.ActiveCfg = Release|Any CPU
		{055C0002-448B-4110-9F21-15168F45D9DA}.Release|Any CPU.Build.0 = Release|Any CPU
		{337F9067-6B41-4FBE-908F-0F0A1B13FD8C}.Debug|Any CPU.ActiveCfg = Debug|Any CPU
		{337F9067-6B41-4FBE-908F-0F0A1B13FD8C}.Debug|Any CPU.Build.0 = Debug|Any CPU
		{337F9067-6B41-4FBE-908F-0F0A1B13FD8C}.Release|Any CPU.ActiveCfg = Release|Any CPU
		{337F9067-6B41-4FBE-908F-0F0A1B13FD8C}.Release|Any CPU.Build.0 = Release|Any CPU
	EndGlobalSection
	GlobalSection(SolutionProperties) = preSolution
		HideSolutionNode = FALSE
	EndGlobalSection
	GlobalSection(ExtensibilityGlobals) = postSolution
		SolutionGuid = {7D50DE5E-3073-46F9-BA3C-F7C92F62BE03}
	EndGlobalSection
EndGlobal
